Microsoft Visual Studio Solution File, Format Version 11.00
# Visual Studio 2008

Project("{199D8EE5-8A0D-5224-7009-6A68C905EC36}") = "Shark Cage", "Assembly-CSharp-firstpass.csproj", "{8F99F56C-323B-1D72-6A47-C2CCCD0AC8AB}"
EndProject
Project("{199D8EE5-8A0D-5224-7009-6A68C905EC36}") = "Shark Cage", "Assembly-CSharp.csproj", "{A5029994-24EC-F576-D19E-C066E5C218E6}"
EndProject
Project("{199D8EE5-8A0D-5224-7009-6A68C905EC36}") = "Shark Cage", "Assembly-CSharp-Editor.csproj", "{9D584AB5-7F5D-39E8-7B3C-B69E60AA72AA}"
EndProject
Global
	GlobalSection(SolutionConfigurationPlatforms) = preSolution
		Debug|Any CPU = Debug|Any CPU
		Release|Any CPU = Release|Any CPU
	EndGlobalSection
	GlobalSection(ProjectConfigurationPlatforms) = postSolution
		{8F99F56C-323B-1D72-6A47-C2CCCD0AC8AB}.Debug|Any CPU.ActiveCfg = Debug|Any CPU
		{8F99F56C-323B-1D72-6A47-C2CCCD0AC8AB}.Debug|Any CPU.Build.0 = Debug|Any CPU
		{8F99F56C-323B-1D72-6A47-C2CCCD0AC8AB}.Release|Any CPU.ActiveCfg = Release|Any CPU
		{8F99F56C-323B-1D72-6A47-C2CCCD0AC8AB}.Release|Any CPU.Build.0 = Release|Any CPU
		{A5029994-24EC-F576-D19E-C066E5C218E6}.Debug|Any CPU.ActiveCfg = Debug|Any CPU
		{A5029994-24EC-F576-D19E-C066E5C218E6}.Debug|Any CPU.Build.0 = Debug|Any CPU
		{A5029994-24EC-F576-D19E-C066E5C218E6}.Release|Any CPU.ActiveCfg = Release|Any CPU
		{A5029994-24EC-F576-D19E-C066E5C218E6}.Release|Any CPU.Build.0 = Release|Any CPU
		{9D584AB5-7F5D-39E8-7B3C-B69E60AA72AA}.Debug|Any CPU.ActiveCfg = Debug|Any CPU
		{9D584AB5-7F5D-39E8-7B3C-B69E60AA72AA}.Debug|Any CPU.Build.0 = Debug|Any CPU
		{9D584AB5-7F5D-39E8-7B3C-B69E60AA72AA}.Release|Any CPU.ActiveCfg = Release|Any CPU
		{9D584AB5-7F5D-39E8-7B3C-B69E60AA72AA}.Release|Any CPU.Build.0 = Release|Any CPU
	EndGlobalSection
	GlobalSection(SolutionProperties) = preSolution
		HideSolutionNode = FALSE
	EndGlobalSection
																																																																																																														GlobalSection(MonoDevelopProperties) = preSolution
		StartupItem = Assembly-CSharp.csproj
		Policies = $0
		$0.TextStylePolicy = $1
		$1.inheritsSet = null
		$1.scope = text/x-csharp
		$0.CSharpFormattingPolicy = $2
		$2.inheritsSet = Mono
		$2.inheritsScope = text/x-csharp
		$2.scope = text/x-csharp
		$0.TextStylePolicy = $3
		$3.FileWidth = 120
		$3.TabWidth = 4
		$3.IndentWidth = 4
		$3.EolMarker = Unix
		$3.inheritsSet = Mono
		$3.inheritsScope = text/plain
		$3.scope = text/plain
	EndGlobalSection

EndGlobal
